
Microsoft Visual Studio Solution File, Format Version 12.00
# Visual Studio Version 17
VisualStudioVersion = 17.7.34031.279
MinimumVisualStudioVersion = 10.0.40219.1
Project("{FAE04EC0-301F-11D3-BF4B-00C04F79EFBC}") = "ChallangeDB1.Api.Asp.Net", "ChallangeDB1.Api.Asp.Net\ChallangeDB1.Api.Asp.Net.csproj", "{00B86611-04AB-49BD-967A-A86E56D03EDD}"
EndProject
Global
	GlobalSection(SolutionConfigurationPlatforms) = preSolution
		Debug|Any CPU = Debug|Any CPU
		Release|Any CPU = Release|Any CPU
	EndGlobalSection
	GlobalSection(ProjectConfigurationPlatforms) = postSolution
		{00B86611-04AB-49BD-967A-A86E56D03EDD}.Debug|Any CPU.ActiveCfg = Debug|Any CPU
		{00B86611-04AB-49BD-967A-A86E56D03EDD}.Debug|Any CPU.Build.0 = Debug|Any CPU
		{00B86611-04AB-49BD-967A-A86E56D03EDD}.Release|Any CPU.ActiveCfg = Release|Any CPU
		{00B86611-04AB-49BD-967A-A86E56D03EDD}.Release|Any CPU.Build.0 = Release|Any CPU
	EndGlobalSection
	GlobalSection(SolutionProperties) = preSolution
		HideSolutionNode = FALSE
	EndGlobalSection
	GlobalSection(ExtensibilityGlobals) = postSolution
		SolutionGuid = {DBBED07E-2F7C-4AB9-B0AF-D9B4B970DDE9}
	EndGlobalSection
EndGlobal
